
Microsoft Visual Studio Solution File, Format Version 12.00
# Visual Studio Version 16
VisualStudioVersion = 16.0.31729.503
MinimumVisualStudioVersion = 10.0.40219.1
Project("{2150E333-8FDC-42A3-9474-1A3956D46DE8}") = "Services", "Services", "{B6D9F3BC-3D9C-4E70-94F4-120397426D64}"
EndProject
Project("{2150E333-8FDC-42A3-9474-1A3956D46DE8}") = "Catalog", "Catalog", "{E8205910-4146-429A-918B-8E349BD6185A}"
EndProject
Project("{9A19103F-16F7-4668-BE54-9A1E7A4F7556}") = "Catalog.API", "Services\Catalog\Catalog.API\Catalog.API.csproj", "{2FF4D788-463B-42FD-80B3-31E7E6E37432}"
EndProject
Project("{E53339B2-1760-4266-BCC7-CA923CBCF16C}") = "docker-compose", "docker-compose.dcproj", "{9162554F-8FD0-42A4-9871-3D696656DDE1}"
EndProject
Project("{2150E333-8FDC-42A3-9474-1A3956D46DE8}") = "Basket", "Basket", "{B1D11076-FC09-4329-8366-F6C5DD5DBC59}"
EndProject
Project("{9A19103F-16F7-4668-BE54-9A1E7A4F7556}") = "Basket.API", "Services\Basket\Basket.API\Basket.API.csproj", "{82A7270E-75A2-4185-802F-D560EAE2901F}"
EndProject
Project("{2150E333-8FDC-42A3-9474-1A3956D46DE8}") = "Discount", "Discount", "{D753489A-7822-432D-A030-AABCB342423B}"
EndProject
Project("{FAE04EC0-301F-11D3-BF4B-00C04F79EFBC}") = "Discount.API", "Services\Discount\Discount.API\Discount.API.csproj", "{CC7890D8-9A30-4633-BD22-0F7D1204B92F}"
EndProject
Global
	GlobalSection(SolutionConfigurationPlatforms) = preSolution
		Debug|Any CPU = Debug|Any CPU
		Release|Any CPU = Release|Any CPU
	EndGlobalSection
	GlobalSection(ProjectConfigurationPlatforms) = postSolution
		{2FF4D788-463B-42FD-80B3-31E7E6E37432}.Debug|Any CPU.ActiveCfg = Debug|Any CPU
		{2FF4D788-463B-42FD-80B3-31E7E6E37432}.Debug|Any CPU.Build.0 = Debug|Any CPU
		{2FF4D788-463B-42FD-80B3-31E7E6E37432}.Release|Any CPU.ActiveCfg = Release|Any CPU
		{2FF4D788-463B-42FD-80B3-31E7E6E37432}.Release|Any CPU.Build.0 = Release|Any CPU
		{9162554F-8FD0-42A4-9871-3D696656DDE1}.Debug|Any CPU.ActiveCfg = Debug|Any CPU
		{9162554F-8FD0-42A4-9871-3D696656DDE1}.Debug|Any CPU.Build.0 = Debug|Any CPU
		{9162554F-8FD0-42A4-9871-3D696656DDE1}.Release|Any CPU.ActiveCfg = Release|Any CPU
		{9162554F-8FD0-42A4-9871-3D696656DDE1}.Release|Any CPU.Build.0 = Release|Any CPU
		{82A7270E-75A2-4185-802F-D560EAE2901F}.Debug|Any CPU.ActiveCfg = Debug|Any CPU
		{82A7270E-75A2-4185-802F-D560EAE2901F}.Debug|Any CPU.Build.0 = Debug|Any CPU
		{82A7270E-75A2-4185-802F-D560EAE2901F}.Release|Any CPU.ActiveCfg = Release|Any CPU
		{82A7270E-75A2-4185-802F-D560EAE2901F}.Release|Any CPU.Build.0 = Release|Any CPU
		{CC7890D8-9A30-4633-BD22-0F7D1204B92F}.Debug|Any CPU.ActiveCfg = Debug|Any CPU
		{CC7890D8-9A30-4633-BD22-0F7D1204B92F}.Debug|Any CPU.Build.0 = Debug|Any CPU
		{CC7890D8-9A30-4633-BD22-0F7D1204B92F}.Release|Any CPU.ActiveCfg = Release|Any CPU
		{CC7890D8-9A30-4633-BD22-0F7D1204B92F}.Release|Any CPU.Build.0 = Release|Any CPU
	EndGlobalSection
	GlobalSection(SolutionProperties) = preSolution
		HideSolutionNode = FALSE
	EndGlobalSection
	GlobalSection(NestedProjects) = preSolution
		{E8205910-4146-429A-918B-8E349BD6185A} = {B6D9F3BC-3D9C-4E70-94F4-120397426D64}
		{2FF4D788-463B-42FD-80B3-31E7E6E37432} = {E8205910-4146-429A-918B-8E349BD6185A}
		{B1D11076-FC09-4329-8366-F6C5DD5DBC59} = {B6D9F3BC-3D9C-4E70-94F4-120397426D64}
		{82A7270E-75A2-4185-802F-D560EAE2901F} = {B1D11076-FC09-4329-8366-F6C5DD5DBC59}
		{D753489A-7822-432D-A030-AABCB342423B} = {B6D9F3BC-3D9C-4E70-94F4-120397426D64}
		{CC7890D8-9A30-4633-BD22-0F7D1204B92F} = {D753489A-7822-432D-A030-AABCB342423B}
	EndGlobalSection
	GlobalSection(ExtensibilityGlobals) = postSolution
		SolutionGuid = {DAC69443-7A6E-44D2-A8A1-49B952104113}
	EndGlobalSection
EndGlobal
